
Microsoft Visual Studio Solution File, Format Version 11.00
# Visual Studio 2010
Project("{FAE04EC0-301F-11D3-BF4B-00C04F79EFBC}") = "Assembly-CSharp", "Assembly-CSharp.csproj", "{44F077A2-264C-EC2B-0CFF-69412A58CE38}"
EndProject
Project("{FAE04EC0-301F-11D3-BF4B-00C04F79EFBC}") = "Assembly-CSharp-Editor", "Assembly-CSharp-Editor.csproj", "{559AAFB5-7FCC-C425-3915-B20D67DA1C57}"
EndProject
Global
	GlobalSection(SolutionConfigurationPlatforms) = preSolution
		Debug|Any CPU = Debug|Any CPU
		Release|Any CPU = Release|Any CPU
	EndGlobalSection
	GlobalSection(ProjectConfigurationPlatforms) = postSolution
		{44F077A2-264C-EC2B-0CFF-69412A58CE38}.Debug|Any CPU.ActiveCfg = Debug|Any CPU
		{44F077A2-264C-EC2B-0CFF-69412A58CE38}.Debug|Any CPU.Build.0 = Debug|Any CPU
		{44F077A2-264C-EC2B-0CFF-69412A58CE38}.Release|Any CPU.ActiveCfg = Release|Any CPU
		{44F077A2-264C-EC2B-0CFF-69412A58CE38}.Release|Any CPU.Build.0 = Release|Any CPU
		{559AAFB5-7FCC-C425-3915-B20D67DA1C57}.Debug|Any CPU.ActiveCfg = Debug|Any CPU
		{559AAFB5-7FCC-C425-3915-B20D67DA1C57}.Debug|Any CPU.Build.0 = Debug|Any CPU
		{559AAFB5-7FCC-C425-3915-B20D67DA1C57}.Release|Any CPU.ActiveCfg = Release|Any CPU
		{559AAFB5-7FCC-C425-3915-B20D67DA1C57}.Release|Any CPU.Build.0 = Release|Any CPU
	EndGlobalSection
	GlobalSection(SolutionProperties) = preSolution
		HideSolutionNode = FALSE
	EndGlobalSection
EndGlobal
